# generated by rye
# use `rye lock` or `rye sync` to update this lockfile
#
# last locked with the following flags:
#   pre: false
#   features: []
#   all-features: false

-e file:.
colorama==0.4.6
coverage==7.2.7
docopt==0.6.2
exceptiongroup==1.1.2
iniconfig==2.0.0
packaging==23.1
pluggy==1.2.0
pytest==7.4.0
pytest-cov==4.1.0
pytest-watch==4.2.0
tomli==2.0.1
watchdog==3.0.0
